
Microsoft Visual Studio Solution File, Format Version 12.00
# Visual Studio 15
VisualStudioVersion = 15.0.28307.421
MinimumVisualStudioVersion = 10.0.40219.1
Project("{2150E333-8FDC-42A3-9474-1A3956D46DE8}") = "1.Presentacion", "1.Presentacion", "{108D9259-7762-4389-9A1F-38E63C378AD3}"
EndProject
Project("{FAE04EC0-301F-11D3-BF4B-00C04F79EFBC}") = "MyStar.Presentacion", "MyStar.Presentacion\MyStar.Presentacion.csproj", "{CEDF0AAB-6EDF-46D8-9688-B7E6F5820E48}"
EndProject
Global
	GlobalSection(SolutionConfigurationPlatforms) = preSolution
		Debug|Any CPU = Debug|Any CPU
		Release|Any CPU = Release|Any CPU
	EndGlobalSection
	GlobalSection(ProjectConfigurationPlatforms) = postSolution
		{CEDF0AAB-6EDF-46D8-9688-B7E6F5820E48}.Debug|Any CPU.ActiveCfg = Debug|Any CPU
		{CEDF0AAB-6EDF-46D8-9688-B7E6F5820E48}.Debug|Any CPU.Build.0 = Debug|Any CPU
		{CEDF0AAB-6EDF-46D8-9688-B7E6F5820E48}.Release|Any CPU.ActiveCfg = Release|Any CPU
		{CEDF0AAB-6EDF-46D8-9688-B7E6F5820E48}.Release|Any CPU.Build.0 = Release|Any CPU
	EndGlobalSection
	GlobalSection(SolutionProperties) = preSolution
		HideSolutionNode = FALSE
	EndGlobalSection
	GlobalSection(NestedProjects) = preSolution
		{CEDF0AAB-6EDF-46D8-9688-B7E6F5820E48} = {108D9259-7762-4389-9A1F-38E63C378AD3}
	EndGlobalSection
	GlobalSection(ExtensibilityGlobals) = postSolution
		SolutionGuid = {27C15355-D716-41A9-B8DF-F697406A6D33}
	EndGlobalSection
EndGlobal
